
Microsoft Visual Studio Solution File, Format Version 12.00
# Visual Studio Version 17
VisualStudioVersion = 17.2.32616.157
MinimumVisualStudioVersion = 10.0.40219.1
Project("{9A19103F-16F7-4668-BE54-9A1E7A4F7556}") = "AccessModifiers1", "AccessModifiers1\AccessModifiers1.csproj", "{9BFEB8D2-FEF7-428D-8FB5-9E8F7CAADED6}"
EndProject
Project("{9A19103F-16F7-4668-BE54-9A1E7A4F7556}") = "AccessModifierAnotherAssembly", "AccessModifierAnotherAssembly\AccessModifierAnotherAssembly.csproj", "{372C8113-7037-44FF-8CAB-E7E9009FBB87}"
EndProject
Project("{9A19103F-16F7-4668-BE54-9A1E7A4F7556}") = "defaultAccessModifier", "defaultAccessModifier\defaultAccessModifier.csproj", "{3FDE3206-1377-4B81-8071-CFE1F8B2CBD4}"
EndProject
Project("{9A19103F-16F7-4668-BE54-9A1E7A4F7556}") = "SealedModifier", "SealedModifier\SealedModifier.csproj", "{A18B055A-B480-49B5-BC30-D8A993A9B55B}"
EndProject
Project("{9A19103F-16F7-4668-BE54-9A1E7A4F7556}") = "Params", "Params\Params.csproj", "{092CB03B-C153-47CE-9621-097EF4D4591C}"
EndProject
Project("{9A19103F-16F7-4668-BE54-9A1E7A4F7556}") = "Struct", "Struct\Struct.csproj", "{C5978059-EA5A-48EE-9DCF-FDA95792AB3B}"
EndProject
Project("{9A19103F-16F7-4668-BE54-9A1E7A4F7556}") = "immutableStruct", "immutableStruct\immutableStruct.csproj", "{E104B2E1-AFCC-4135-82A0-87B33B2232DC}"
EndProject
Project("{9A19103F-16F7-4668-BE54-9A1E7A4F7556}") = "immutable", "immutable\immutable.csproj", "{1507772E-3F8B-4B47-B26A-8D4394D923AB}"
EndProject
Project("{9A19103F-16F7-4668-BE54-9A1E7A4F7556}") = "PartialClass", "PartialClass\PartialClass.csproj", "{5BB305AD-9EAA-4DE4-96BE-146FF2479309}"
EndProject
Project("{9A19103F-16F7-4668-BE54-9A1E7A4F7556}") = "NewOperator", "NewOperator\NewOperator.csproj", "{37FD507D-FA54-4351-9732-5646D7C51CC4}"
EndProject
Project("{FAE04EC0-301F-11D3-BF4B-00C04F79EFBC}") = "Static", "Static\Static.csproj", "{56D39C89-7E8B-4672-BDF4-790143F37FE2}"
EndProject
Project("{FAE04EC0-301F-11D3-BF4B-00C04F79EFBC}") = "StaticClass", "StaticClass\StaticClass.csproj", "{FF545149-472B-43B4-AA73-9CD21BB45DE7}"
EndProject
Project("{FAE04EC0-301F-11D3-BF4B-00C04F79EFBC}") = "ternaryOperator", "ternaryOperator\ternaryOperator.csproj", "{86C2CF1F-17A8-456F-8CDD-543D444B924D}"
EndProject
Project("{FAE04EC0-301F-11D3-BF4B-00C04F79EFBC}") = "nullCoalescingOperator", "nullCoalescingOperator\nullCoalescingOperator.csproj", "{F9D7AFB4-A5B6-4872-AD70-C6D2D236B9D5}"
EndProject
Project("{FAE04EC0-301F-11D3-BF4B-00C04F79EFBC}") = "nullCoalescingOperator1", "nullCoalescingOperator1\nullCoalescingOperator1.csproj", "{B8A97EE9-C2A8-4549-A8E4-B16E9D780CC0}"
EndProject
Global
	GlobalSection(SolutionConfigurationPlatforms) = preSolution
		Debug|Any CPU = Debug|Any CPU
		Release|Any CPU = Release|Any CPU
	EndGlobalSection
	GlobalSection(ProjectConfigurationPlatforms) = postSolution
		{9BFEB8D2-FEF7-428D-8FB5-9E8F7CAADED6}.Debug|Any CPU.ActiveCfg = Debug|Any CPU
		{9BFEB8D2-FEF7-428D-8FB5-9E8F7CAADED6}.Debug|Any CPU.Build.0 = Debug|Any CPU
		{9BFEB8D2-FEF7-428D-8FB5-9E8F7CAADED6}.Release|Any CPU.ActiveCfg = Release|Any CPU
		{9BFEB8D2-FEF7-428D-8FB5-9E8F7CAADED6}.Release|Any CPU.Build.0 = Release|Any CPU
		{372C8113-7037-44FF-8CAB-E7E9009FBB87}.Debug|Any CPU.ActiveCfg = Debug|Any CPU
		{372C8113-7037-44FF-8CAB-E7E9009FBB87}.Debug|Any CPU.Build.0 = Debug|Any CPU
		{372C8113-7037-44FF-8CAB-E7E9009FBB87}.Release|Any CPU.ActiveCfg = Release|Any CPU
		{372C8113-7037-44FF-8CAB-E7E9009FBB87}.Release|Any CPU.Build.0 = Release|Any CPU
		{3FDE3206-1377-4B81-8071-CFE1F8B2CBD4}.Debug|Any CPU.ActiveCfg = Debug|Any CPU
		{3FDE3206-1377-4B81-8071-CFE1F8B2CBD4}.Debug|Any CPU.Build.0 = Debug|Any CPU
		{3FDE3206-1377-4B81-8071-CFE1F8B2CBD4}.Release|Any CPU.ActiveCfg = Release|Any CPU
		{3FDE3206-1377-4B81-8071-CFE1F8B2CBD4}.Release|Any CPU.Build.0 = Release|Any CPU
		{A18B055A-B480-49B5-BC30-D8A993A9B55B}.Debug|Any CPU.ActiveCfg = Debug|Any CPU
		{A18B055A-B480-49B5-BC30-D8A993A9B55B}.Debug|Any CPU.Build.0 = Debug|Any CPU
		{A18B055A-B480-49B5-BC30-D8A993A9B55B}.Release|Any CPU.ActiveCfg = Release|Any CPU
		{A18B055A-B480-49B5-BC30-D8A993A9B55B}.Release|Any CPU.Build.0 = Release|Any CPU
		{092CB03B-C153-47CE-9621-097EF4D4591C}.Debug|Any CPU.ActiveCfg = Debug|Any CPU
		{092CB03B-C153-47CE-9621-097EF4D4591C}.Debug|Any CPU.Build.0 = Debug|Any CPU
		{092CB03B-C153-47CE-9621-097EF4D4591C}.Release|Any CPU.ActiveCfg = Release|Any CPU
		{092CB03B-C153-47CE-9621-097EF4D4591C}.Release|Any CPU.Build.0 = Release|Any CPU
		{C5978059-EA5A-48EE-9DCF-FDA95792AB3B}.Debug|Any CPU.ActiveCfg = Debug|Any CPU
		{C5978059-EA5A-48EE-9DCF-FDA95792AB3B}.Debug|Any CPU.Build.0 = Debug|Any CPU
		{C5978059-EA5A-48EE-9DCF-FDA95792AB3B}.Release|Any CPU.ActiveCfg = Release|Any CPU
		{C5978059-EA5A-48EE-9DCF-FDA95792AB3B}.Release|Any CPU.Build.0 = Release|Any CPU
		{E104B2E1-AFCC-4135-82A0-87B33B2232DC}.Debug|Any CPU.ActiveCfg = Debug|Any CPU
		{E104B2E1-AFCC-4135-82A0-87B33B2232DC}.Debug|Any CPU.Build.0 = Debug|Any CPU
		{E104B2E1-AFCC-4135-82A0-87B33B2232DC}.Release|Any CPU.ActiveCfg = Release|Any CPU
		{E104B2E1-AFCC-4135-82A0-87B33B2232DC}.Release|Any CPU.Build.0 = Release|Any CPU
		{1507772E-3F8B-4B47-B26A-8D4394D923AB}.Debug|Any CPU.ActiveCfg = Debug|Any CPU
		{1507772E-3F8B-4B47-B26A-8D4394D923AB}.Debug|Any CPU.Build.0 = Debug|Any CPU
		{1507772E-3F8B-4B47-B26A-8D4394D923AB}.Release|Any CPU.ActiveCfg = Release|Any CPU
		{1507772E-3F8B-4B47-B26A-8D4394D923AB}.Release|Any CPU.Build.0 = Release|Any CPU
		{5BB305AD-9EAA-4DE4-96BE-146FF2479309}.Debug|Any CPU.ActiveCfg = Debug|Any CPU
		{5BB305AD-9EAA-4DE4-96BE-146FF2479309}.Debug|Any CPU.Build.0 = Debug|Any CPU
		{5BB305AD-9EAA-4DE4-96BE-146FF2479309}.Release|Any CPU.ActiveCfg = Release|Any CPU
		{5BB305AD-9EAA-4DE4-96BE-146FF2479309}.Release|Any CPU.Build.0 = Release|Any CPU
		{37FD507D-FA54-4351-9732-5646D7C51CC4}.Debug|Any CPU.ActiveCfg = Debug|Any CPU
		{37FD507D-FA54-4351-9732-5646D7C51CC4}.Debug|Any CPU.Build.0 = Debug|Any CPU
		{37FD507D-FA54-4351-9732-5646D7C51CC4}.Release|Any CPU.ActiveCfg = Release|Any CPU
		{37FD507D-FA54-4351-9732-5646D7C51CC4}.Release|Any CPU.Build.0 = Release|Any CPU
		{56D39C89-7E8B-4672-BDF4-790143F37FE2}.Debug|Any CPU.ActiveCfg = Debug|Any CPU
		{56D39C89-7E8B-4672-BDF4-790143F37FE2}.Debug|Any CPU.Build.0 = Debug|Any CPU
		{56D39C89-7E8B-4672-BDF4-790143F37FE2}.Release|Any CPU.ActiveCfg = Release|Any CPU
		{56D39C89-7E8B-4672-BDF4-790143F37FE2}.Release|Any CPU.Build.0 = Release|Any CPU
		{FF545149-472B-43B4-AA73-9CD21BB45DE7}.Debug|Any CPU.ActiveCfg = Debug|Any CPU
		{FF545149-472B-43B4-AA73-9CD21BB45DE7}.Debug|Any CPU.Build.0 = Debug|Any CPU
		{FF545149-472B-43B4-AA73-9CD21BB45DE7}.Release|Any CPU.ActiveCfg = Release|Any CPU
		{FF545149-472B-43B4-AA73-9CD21BB45DE7}.Release|Any CPU.Build.0 = Release|Any CPU
		{86C2CF1F-17A8-456F-8CDD-543D444B924D}.Debug|Any CPU.ActiveCfg = Debug|Any CPU
		{86C2CF1F-17A8-456F-8CDD-543D444B924D}.Debug|Any CPU.Build.0 = Debug|Any CPU
		{86C2CF1F-17A8-456F-8CDD-543D444B924D}.Release|Any CPU.ActiveCfg = Release|Any CPU
		{86C2CF1F-17A8-456F-8CDD-543D444B924D}.Release|Any CPU.Build.0 = Release|Any CPU
		{F9D7AFB4-A5B6-4872-AD70-C6D2D236B9D5}.Debug|Any CPU.ActiveCfg = Debug|Any CPU
		{F9D7AFB4-A5B6-4872-AD70-C6D2D236B9D5}.Debug|Any CPU.Build.0 = Debug|Any CPU
		{F9D7AFB4-A5B6-4872-AD70-C6D2D236B9D5}.Release|Any CPU.ActiveCfg = Release|Any CPU
		{F9D7AFB4-A5B6-4872-AD70-C6D2D236B9D5}.Release|Any CPU.Build.0 = Release|Any CPU
		{B8A97EE9-C2A8-4549-A8E4-B16E9D780CC0}.Debug|Any CPU.ActiveCfg = Debug|Any CPU
		{B8A97EE9-C2A8-4549-A8E4-B16E9D780CC0}.Debug|Any CPU.Build.0 = Debug|Any CPU
		{B8A97EE9-C2A8-4549-A8E4-B16E9D780CC0}.Release|Any CPU.ActiveCfg = Release|Any CPU
		{B8A97EE9-C2A8-4549-A8E4-B16E9D780CC0}.Release|Any CPU.Build.0 = Release|Any CPU
	EndGlobalSection
	GlobalSection(SolutionProperties) = preSolution
		HideSolutionNode = FALSE
	EndGlobalSection
	GlobalSection(ExtensibilityGlobals) = postSolution
		SolutionGuid = {A18AD185-A3F7-4D73-81B1-0F01C4F7B1E8}
	EndGlobalSection
EndGlobal
